<?xml version="1.0" encoding="utf-8"?>
<Project ToolsVersion="4.0" xmlns="http://schemas.microsoft.com/developer/msbuild/2003">
  <ItemGroup>
    <Filter Include="Source Files">
      <UniqueIdentifier>{4FC737F1-C7A5-4376-A066-2A32D752A2FF}</UniqueIdentifier>
      <Extensions>cpp;c;cc;cxx;def;odl;idl;hpj;bat;asm;asmx</Extensions>
    </Filter>
    <Filter Include="Header Files">
      <UniqueIdentifier>{93995380-89BD-4b04-88EB-625FBE52EBFB}</UniqueIdentifier>
      <Extensions>h;hh;hpp;hxx;hm;inl;inc;ipp;xsd</Extensions>
    </Filter>
    <Filter Include="Resource Files">
      <UniqueIdentifier>{67DA6AB6-F800-4c08-8B7A-83BB121AAD01}</UniqueIdentifier>
      <Extensions>rc;ico;cur;bmp;dlg;rc2;rct;bin;rgs;gif;jpg;jpeg;jpe;resx;tiff;tif;png;wav;mfcribbon-ms</Extensions>
    </Filter>
  </ItemGroup>
  <ItemGroup>
    <ClCompile Include="SharedPointer.cpp">
      <Filter>Source Files</Filter>
    </ClCompile>
    <ClCompile Include="unique_ptr.cpp">
      <Filter>Source Files</Filter>
    </ClCompile>
    <ClCompile Include="Stack.cpp">
      <Filter>Source Files</Filter>
    </ClCompile>
    <ClCompile Include="Queue.cpp">
      <Filter>Source Files</Filter>
    </ClCompile>
    <ClCompile Include="Overload==.cpp">
      <Filter>Source Files</Filter>
    </ClCompile>
    <ClCompile Include="Overload_leftshift.cpp">
      <Filter>Source Files</Filter>
    </ClCompile>
    <ClCompile Include="CopyConstructor.cpp">
      <Filter>Source Files</Filter>
    </ClCompile>
    <ClCompile Include="CopyAssignmentOperator .cpp">
      <Filter>Source Files</Filter>
    </ClCompile>
    <ClCompile Include="VariadicTemplates.cpp">
      <Filter>Source Files</Filter>
    </ClCompile>
    <ClCompile Include="String.cpp">
      <Filter>Source Files</Filter>
    </ClCompile>
    <ClCompile Include="StaticConst.cpp">
      <Filter>Source Files</Filter>
    </ClCompile>
    <ClCompile Include="MoveConstructor.cpp">
      <Filter>Source Files</Filter>
    </ClCompile>
    <ClCompile Include="defaultParameters.cpp">
      <Filter>Source Files</Filter>
    </ClCompile>
    <ClCompile Include="Array.cpp">
      <Filter>Source Files</Filter>
    </ClCompile>
    <ClCompile Include="String1.cpp">
      <Filter>Source Files</Filter>
    </ClCompile>
    <ClCompile Include="SortStrings.cpp">
      <Filter>Source Files</Filter>
    </ClCompile>
    <ClCompile Include="MaxOccuringChar.cpp">
      <Filter>Source Files</Filter>
    </ClCompile>
    <ClCompile Include="Polymorphism.cpp">
      <Filter>Source Files</Filter>
    </ClCompile>
    <ClCompile Include="RemoveDuplicates.cpp">
      <Filter>Source Files</Filter>
    </ClCompile>
    <ClCompile Include="RemoveCommonChars.cpp">
      <Filter>Source Files</Filter>
    </ClCompile>
    <ClCompile Include="RotationOfString.cpp">
      <Filter>Source Files</Filter>
    </ClCompile>
    <ClCompile Include="RestrictDynamic.cpp">
      <Filter>Source Files</Filter>
    </ClCompile>
    <ClCompile Include="OnlyDynamicObject .cpp">
      <Filter>Source Files</Filter>
    </ClCompile>
    <ClCompile Include="Composition.cpp">
      <Filter>Source Files</Filter>
    </ClCompile>
    <ClCompile Include="Aggregation.cpp">
      <Filter>Source Files</Filter>
    </ClCompile>
    <ClCompile Include="Association.cpp">
      <Filter>Source Files</Filter>
    </ClCompile>
    <ClCompile Include="VirtualFn.cpp">
      <Filter>Source Files</Filter>
    </ClCompile>
    <ClCompile Include="ObjectSlicing.cpp">
      <Filter>Source Files</Filter>
    </ClCompile>
    <ClCompile Include="Constants.cpp">
      <Filter>Source Files</Filter>
    </ClCompile>
    <ClCompile Include="ObserverDesign.cpp">
      <Filter>Source Files</Filter>
    </ClCompile>
    <ClCompile Include="BSTe.cpp">
      <Filter>Source Files</Filter>
    </ClCompile>
    <ClCompile Include="Move_Semantics.cpp">
      <Filter>Source Files</Filter>
    </ClCompile>
    <ClCompile Include="AbstractFactory.cpp">
      <Filter>Source Files</Filter>
    </ClCompile>
    <ClCompile Include="thread.cpp">
      <Filter>Source Files</Filter>
    </ClCompile>
    <ClCompile Include="UnaryOpOverloading.cpp">
      <Filter>Source Files</Filter>
    </ClCompile>
    <ClCompile Include="Class.cpp">
      <Filter>Source Files</Filter>
    </ClCompile>
    <ClCompile Include="Char.cpp">
      <Filter>Source Files</Filter>
    </ClCompile>
  </ItemGroup>
</Project>